// !$*UTF8*$!
{
	archiveVersion = 1;
	classes = {
	};
	objectVersion = 51;
	objects = {

/* Begin PBXBuildFile section */
		7118669022DFA742009EA395 /* MatchesViewController.swift in Sources */ = {isa = PBXBuildFile; fileRef = 7118668F22DFA742009EA395 /* MatchesViewController.swift */; };
		7118669222DFA944009EA395 /* Match.swift in Sources */ = {isa = PBXBuildFile; fileRef = 7118669122DFA944009EA395 /* Match.swift */; };
		7118669822DFCF6C009EA395 /* MatchCell.swift in Sources */ = {isa = PBXBuildFile; fileRef = 7118669722DFCF6C009EA395 /* MatchCell.swift */; };
		711C5ED622DD0468005F9EA4 /* DetailViewController.swift in Sources */ = {isa = PBXBuildFile; fileRef = 711C5ED522DD0468005F9EA4 /* DetailViewController.swift */; };
		7135BCDC22DAD61E0020BABC /* ChocolateDetailPage.xib in Resources */ = {isa = PBXBuildFile; fileRef = 7135BCDB22DAD61E0020BABC /* ChocolateDetailPage.xib */; };
		7135BCDE22DAD6910020BABC /* ChocolateDetailPage.swift in Sources */ = {isa = PBXBuildFile; fileRef = 7135BCDD22DAD6910020BABC /* ChocolateDetailPage.swift */; };
		716C5F9722E11229007A2B5A /* crying-gif.gif in Resources */ = {isa = PBXBuildFile; fileRef = 716C5F9622E11228007A2B5A /* crying-gif.gif */; };
		7177C09C22E8ECA700292288 /* IndieFlower-Regular.ttf in Resources */ = {isa = PBXBuildFile; fileRef = 7177C09B22E8EBD200292288 /* IndieFlower-Regular.ttf */; };
		7188489122E66106004BAB91 /* QuestionsViewController.swift in Sources */ = {isa = PBXBuildFile; fileRef = 7188489022E66106004BAB91 /* QuestionsViewController.swift */; };
		7188489322E66144004BAB91 /* ResultsViewController.swift in Sources */ = {isa = PBXBuildFile; fileRef = 7188489222E66144004BAB91 /* ResultsViewController.swift */; };
		7188489522E6662B004BAB91 /* QuestionData.swift in Sources */ = {isa = PBXBuildFile; fileRef = 7188489422E6662B004BAB91 /* QuestionData.swift */; };
		719673A422D50E0200917428 /* AppDelegate.swift in Sources */ = {isa = PBXBuildFile; fileRef = 719673A322D50E0200917428 /* AppDelegate.swift */; };
		719673A922D50E0300917428 /* Main.storyboard in Resources */ = {isa = PBXBuildFile; fileRef = 719673A722D50E0300917428 /* Main.storyboard */; };
		719673AB22D50E0400917428 /* Assets.xcassets in Resources */ = {isa = PBXBuildFile; fileRef = 719673AA22D50E0400917428 /* Assets.xcassets */; };
		719673AE22D50E0400917428 /* LaunchScreen.storyboard in Resources */ = {isa = PBXBuildFile; fileRef = 719673AC22D50E0400917428 /* LaunchScreen.storyboard */; };
		719673B622D50E5200917428 /* chocolate_data.json in Resources */ = {isa = PBXBuildFile; fileRef = 719673B522D50E5100917428 /* chocolate_data.json */; };
		719673BA22D53D8700917428 /* KolodaViewController.swift in Sources */ = {isa = PBXBuildFile; fileRef = 719673B922D53D8700917428 /* KolodaViewController.swift */; };
		71AC1DBD22D7FA200077311A /* ChocolateCard.xib in Resources */ = {isa = PBXBuildFile; fileRef = 71AC1DBC22D7FA1F0077311A /* ChocolateCard.xib */; };
		71AC1DBF22D7FA970077311A /* Chocolates.swift in Sources */ = {isa = PBXBuildFile; fileRef = 71AC1DBE22D7FA970077311A /* Chocolates.swift */; };
		71AC1DC122D7FAA00077311A /* Chocolate.swift in Sources */ = {isa = PBXBuildFile; fileRef = 71AC1DC022D7FA9F0077311A /* Chocolate.swift */; };
		71AC1DC322D7FB030077311A /* ChocolateCard.swift in Sources */ = {isa = PBXBuildFile; fileRef = 71AC1DC222D7FB030077311A /* ChocolateCard.swift */; };
		71DCA16622E2CF9D00B98E39 /* Pacifico-Regular.ttf in Resources */ = {isa = PBXBuildFile; fileRef = 71DCA16522E2CF9A00B98E39 /* Pacifico-Regular.ttf */; };
		71DCA16822E2DB5600B98E39 /* RotateViewController.swift in Sources */ = {isa = PBXBuildFile; fileRef = 71DCA16722E2DB5600B98E39 /* RotateViewController.swift */; };
		A3D879EDDCE03EFF7FAE73CD /* Pods_HumanMeetsChocolate.framework in Frameworks */ = {isa = PBXBuildFile; fileRef = 51B3DE45BA185E9A82E86277 /* Pods_HumanMeetsChocolate.framework */; };
/* End PBXBuildFile section */

/* Begin PBXFileReference section */
		15F1493047D0E2186F592FC8 /* Pods-HumanMeetsChocolate.debug.xcconfig */ = {isa = PBXFileReference; includeInIndex = 1; lastKnownFileType = text.xcconfig; name = "Pods-HumanMeetsChocolate.debug.xcconfig"; path = "Target Support Files/Pods-HumanMeetsChocolate/Pods-HumanMeetsChocolate.debug.xcconfig"; sourceTree = "<group>"; };
		51B3DE45BA185E9A82E86277 /* Pods_HumanMeetsChocolate.framework */ = {isa = PBXFileReference; explicitFileType = wrapper.framework; includeInIndex = 0; path = Pods_HumanMeetsChocolate.framework; sourceTree = BUILT_PRODUCTS_DIR; };
		7118668F22DFA742009EA395 /* MatchesViewController.swift */ = {isa = PBXFileReference; lastKnownFileType = sourcecode.swift; path = MatchesViewController.swift; sourceTree = "<group>"; };
		7118669122DFA944009EA395 /* Match.swift */ = {isa = PBXFileReference; lastKnownFileType = sourcecode.swift; path = Match.swift; sourceTree = "<group>"; };
		7118669722DFCF6C009EA395 /* MatchCell.swift */ = {isa = PBXFileReference; lastKnownFileType = sourcecode.swift; path = MatchCell.swift; sourceTree = "<group>"; };
		711C5ED522DD0468005F9EA4 /* DetailViewController.swift */ = {isa = PBXFileReference; lastKnownFileType = sourcecode.swift; name = DetailViewController.swift; path = "/Users/shirleychu/Documents/Capstone/Human Meets Chocolate/Human Meets Chocolate/DetailViewController.swift"; sourceTree = "<absolute>"; };
		7135BCDB22DAD61E0020BABC /* ChocolateDetailPage.xib */ = {isa = PBXFileReference; lastKnownFileType = file.xib; path = ChocolateDetailPage.xib; sourceTree = "<group>"; };
		7135BCDD22DAD6910020BABC /* ChocolateDetailPage.swift */ = {isa = PBXFileReference; lastKnownFileType = sourcecode.swift; path = ChocolateDetailPage.swift; sourceTree = "<group>"; };
		716C5F9622E11228007A2B5A /* crying-gif.gif */ = {isa = PBXFileReference; lastKnownFileType = image.gif; name = "crying-gif.gif"; path = "Gifs/crying-gif.gif"; sourceTree = "<group>"; };
		7177C09B22E8EBD200292288 /* IndieFlower-Regular.ttf */ = {isa = PBXFileReference; lastKnownFileType = file; path = "IndieFlower-Regular.ttf"; sourceTree = "<group>"; };
		7188489022E66106004BAB91 /* QuestionsViewController.swift */ = {isa = PBXFileReference; lastKnownFileType = sourcecode.swift; path = QuestionsViewController.swift; sourceTree = "<group>"; };
		7188489222E66144004BAB91 /* ResultsViewController.swift */ = {isa = PBXFileReference; lastKnownFileType = sourcecode.swift; path = ResultsViewController.swift; sourceTree = "<group>"; };
		7188489422E6662B004BAB91 /* QuestionData.swift */ = {isa = PBXFileReference; lastKnownFileType = sourcecode.swift; path = QuestionData.swift; sourceTree = "<group>"; };
		719673A022D50E0200917428 /* HumanMeetsChocolate.app */ = {isa = PBXFileReference; explicitFileType = wrapper.application; includeInIndex = 0; path = HumanMeetsChocolate.app; sourceTree = BUILT_PRODUCTS_DIR; };
		719673A322D50E0200917428 /* AppDelegate.swift */ = {isa = PBXFileReference; lastKnownFileType = sourcecode.swift; path = AppDelegate.swift; sourceTree = "<group>"; };
		719673A822D50E0300917428 /* Base */ = {isa = PBXFileReference; lastKnownFileType = file.storyboard; name = Base; path = Base.lproj/Main.storyboard; sourceTree = "<group>"; };
		719673AA22D50E0400917428 /* Assets.xcassets */ = {isa = PBXFileReference; lastKnownFileType = folder.assetcatalog; path = Assets.xcassets; sourceTree = "<group>"; };
		719673AD22D50E0400917428 /* Base */ = {isa = PBXFileReference; lastKnownFileType = file.storyboard; name = Base; path = Base.lproj/LaunchScreen.storyboard; sourceTree = "<group>"; };
		719673AF22D50E0400917428 /* Info.plist */ = {isa = PBXFileReference; lastKnownFileType = text.plist.xml; path = Info.plist; sourceTree = "<group>"; };
		719673B522D50E5100917428 /* chocolate_data.json */ = {isa = PBXFileReference; fileEncoding = 4; lastKnownFileType = text.json; path = chocolate_data.json; sourceTree = "<group>"; };
		719673B922D53D8700917428 /* KolodaViewController.swift */ = {isa = PBXFileReference; lastKnownFileType = sourcecode.swift; path = KolodaViewController.swift; sourceTree = "<group>"; };
		71AC1DBC22D7FA1F0077311A /* ChocolateCard.xib */ = {isa = PBXFileReference; fileEncoding = 4; lastKnownFileType = file.xib; path = ChocolateCard.xib; sourceTree = "<group>"; };
		71AC1DBE22D7FA970077311A /* Chocolates.swift */ = {isa = PBXFileReference; fileEncoding = 4; lastKnownFileType = sourcecode.swift; path = Chocolates.swift; sourceTree = "<group>"; };
		71AC1DC022D7FA9F0077311A /* Chocolate.swift */ = {isa = PBXFileReference; fileEncoding = 4; lastKnownFileType = sourcecode.swift; path = Chocolate.swift; sourceTree = "<group>"; };
		71AC1DC222D7FB030077311A /* ChocolateCard.swift */ = {isa = PBXFileReference; fileEncoding = 4; lastKnownFileType = sourcecode.swift; path = ChocolateCard.swift; sourceTree = "<group>"; };
		71DCA16522E2CF9A00B98E39 /* Pacifico-Regular.ttf */ = {isa = PBXFileReference; lastKnownFileType = file; path = "Pacifico-Regular.ttf"; sourceTree = SOURCE_ROOT; };
		71DCA16722E2DB5600B98E39 /* RotateViewController.swift */ = {isa = PBXFileReference; lastKnownFileType = sourcecode.swift; path = RotateViewController.swift; sourceTree = "<group>"; };
		B3B61E6BCA2A40286ECDE7D6 /* Pods-HumanMeetsChocolate.release.xcconfig */ = {isa = PBXFileReference; includeInIndex = 1; lastKnownFileType = text.xcconfig; name = "Pods-HumanMeetsChocolate.release.xcconfig"; path = "Target Support Files/Pods-HumanMeetsChocolate/Pods-HumanMeetsChocolate.release.xcconfig"; sourceTree = "<group>"; };
/* End PBXFileReference section */

/* Begin PBXFrameworksBuildPhase section */
		7196739D22D50E0200917428 /* Frameworks */ = {
			isa = PBXFrameworksBuildPhase;
			buildActionMask = 2147483647;
			files = (
				A3D879EDDCE03EFF7FAE73CD /* Pods_HumanMeetsChocolate.framework in Frameworks */,
			);
			runOnlyForDeploymentPostprocessing = 0;
		};
/* End PBXFrameworksBuildPhase section */

/* Begin PBXGroup section */
		00F2C04C8E5611BC4D8E4D90 /* Pods */ = {
			isa = PBXGroup;
			children = (
				15F1493047D0E2186F592FC8 /* Pods-HumanMeetsChocolate.debug.xcconfig */,
				B3B61E6BCA2A40286ECDE7D6 /* Pods-HumanMeetsChocolate.release.xcconfig */,
			);
			path = Pods;
			sourceTree = "<group>";
		};
		7196739722D50E0200917428 = {
			isa = PBXGroup;
			children = (
				719673A222D50E0200917428 /* Human Meets Chocolate */,
				719673A122D50E0200917428 /* Products */,
				00F2C04C8E5611BC4D8E4D90 /* Pods */,
				BA620B2CFED651916A5DE613 /* Frameworks */,
			);
			sourceTree = "<group>";
		};
		719673A122D50E0200917428 /* Products */ = {
			isa = PBXGroup;
			children = (
				719673A022D50E0200917428 /* HumanMeetsChocolate.app */,
			);
			name = Products;
			sourceTree = "<group>";
		};
		719673A222D50E0200917428 /* Human Meets Chocolate */ = {
			isa = PBXGroup;
			children = (
				71DCA16722E2DB5600B98E39 /* RotateViewController.swift */,
				719673B922D53D8700917428 /* KolodaViewController.swift */,
				711C5ED522DD0468005F9EA4 /* DetailViewController.swift */,
				719673A322D50E0200917428 /* AppDelegate.swift */,
				719673A722D50E0300917428 /* Main.storyboard */,
				7188489422E6662B004BAB91 /* QuestionData.swift */,
				7188489222E66144004BAB91 /* ResultsViewController.swift */,
				7188489022E66106004BAB91 /* QuestionsViewController.swift */,
				7118668F22DFA742009EA395 /* MatchesViewController.swift */,
				7118669122DFA944009EA395 /* Match.swift */,
				71AC1DBE22D7FA970077311A /* Chocolates.swift */,
				7177C09B22E8EBD200292288 /* IndieFlower-Regular.ttf */,
				719673B522D50E5100917428 /* chocolate_data.json */,
				71AC1DC222D7FB030077311A /* ChocolateCard.swift */,
				71AC1DC022D7FA9F0077311A /* Chocolate.swift */,
				71AC1DBC22D7FA1F0077311A /* ChocolateCard.xib */,
				7135BCDB22DAD61E0020BABC /* ChocolateDetailPage.xib */,
				7135BCDD22DAD6910020BABC /* ChocolateDetailPage.swift */,
				7118669722DFCF6C009EA395 /* MatchCell.swift */,
				71DCA16522E2CF9A00B98E39 /* Pacifico-Regular.ttf */,
				719673AA22D50E0400917428 /* Assets.xcassets */,
				716C5F9622E11228007A2B5A /* crying-gif.gif */,
				719673AC22D50E0400917428 /* LaunchScreen.storyboard */,
				719673AF22D50E0400917428 /* Info.plist */,
			);
			path = "Human Meets Chocolate";
			sourceTree = "<group>";
		};
		BA620B2CFED651916A5DE613 /* Frameworks */ = {
			isa = PBXGroup;
			children = (
				51B3DE45BA185E9A82E86277 /* Pods_HumanMeetsChocolate.framework */,
			);
			name = Frameworks;
			sourceTree = "<group>";
		};
/* End PBXGroup section */

/* Begin PBXNativeTarget section */
		7196739F22D50E0200917428 /* HumanMeetsChocolate */ = {
			isa = PBXNativeTarget;
			buildConfigurationList = 719673B222D50E0400917428 /* Build configuration list for PBXNativeTarget "HumanMeetsChocolate" */;
			buildPhases = (
				664A4720C885DC0B7E443505 /* [CP] Check Pods Manifest.lock */,
				7196739C22D50E0200917428 /* Sources */,
				7196739D22D50E0200917428 /* Frameworks */,
				7196739E22D50E0200917428 /* Resources */,
				E6B43D7590F965C2360DDC47 /* [CP] Embed Pods Frameworks */,
			);
			buildRules = (
			);
			dependencies = (
			);
			name = HumanMeetsChocolate;
			productName = "Human Meets Chocolate";
			productReference = 719673A022D50E0200917428 /* HumanMeetsChocolate.app */;
			productType = "com.apple.product-type.application";
		};
/* End PBXNativeTarget section */

/* Begin PBXProject section */
		7196739822D50E0200917428 /* Project object */ = {
			isa = PBXProject;
			attributes = {
				LastSwiftUpdateCheck = 1020;
				LastUpgradeCheck = 1020;
				ORGANIZATIONNAME = "Shirley Chu";
				TargetAttributes = {
					7196739F22D50E0200917428 = {
						CreatedOnToolsVersion = 10.2.1;
					};
				};
			};
			buildConfigurationList = 7196739B22D50E0200917428 /* Build configuration list for PBXProject "HumanMeetsChocolate" */;
			compatibilityVersion = "Xcode 9.3";
			developmentRegion = en;
			hasScannedForEncodings = 0;
			knownRegions = (
				en,
				Base,
			);
			mainGroup = 7196739722D50E0200917428;
			productRefGroup = 719673A122D50E0200917428 /* Products */;
			projectDirPath = "";
			projectRoot = "";
			targets = (
				7196739F22D50E0200917428 /* HumanMeetsChocolate */,
			);
		};
/* End PBXProject section */

/* Begin PBXResourcesBuildPhase section */
		7196739E22D50E0200917428 /* Resources */ = {
			isa = PBXResourcesBuildPhase;
			buildActionMask = 2147483647;
			files = (
				719673AE22D50E0400917428 /* LaunchScreen.storyboard in Resources */,
				719673AB22D50E0400917428 /* Assets.xcassets in Resources */,
				7135BCDC22DAD61E0020BABC /* ChocolateDetailPage.xib in Resources */,
				7177C09C22E8ECA700292288 /* IndieFlower-Regular.ttf in Resources */,
				719673B622D50E5200917428 /* chocolate_data.json in Resources */,
				716C5F9722E11229007A2B5A /* crying-gif.gif in Resources */,
				71DCA16622E2CF9D00B98E39 /* Pacifico-Regular.ttf in Resources */,
				719673A922D50E0300917428 /* Main.storyboard in Resources */,
				71AC1DBD22D7FA200077311A /* ChocolateCard.xib in Resources */,
			);
			runOnlyForDeploymentPostprocessing = 0;
		};
/* End PBXResourcesBuildPhase section */

/* Begin PBXShellScriptBuildPhase section */
		664A4720C885DC0B7E443505 /* [CP] Check Pods Manifest.lock */ = {
			isa = PBXShellScriptBuildPhase;
			buildActionMask = 2147483647;
			files = (
			);
			inputFileListPaths = (
			);
			inputPaths = (
				"${PODS_PODFILE_DIR_PATH}/Podfile.lock",
				"${PODS_ROOT}/Manifest.lock",
			);
			name = "[CP] Check Pods Manifest.lock";
			outputFileListPaths = (
			);
			outputPaths = (
				"$(DERIVED_FILE_DIR)/Pods-HumanMeetsChocolate-checkManifestLockResult.txt",
			);
			runOnlyForDeploymentPostprocessing = 0;
			shellPath = /bin/sh;
			shellScript = "diff \"${PODS_PODFILE_DIR_PATH}/Podfile.lock\" \"${PODS_ROOT}/Manifest.lock\" > /dev/null\nif [ $? != 0 ] ; then\n    # print error to STDERR\n    echo \"error: The sandbox is not in sync with the Podfile.lock. Run 'pod install' or update your CocoaPods installation.\" >&2\n    exit 1\nfi\n# This output is used by Xcode 'outputs' to avoid re-running this script phase.\necho \"SUCCESS\" > \"${SCRIPT_OUTPUT_FILE_0}\"\n";
			showEnvVarsInLog = 0;
		};
		E6B43D7590F965C2360DDC47 /* [CP] Embed Pods Frameworks */ = {
			isa = PBXShellScriptBuildPhase;
			buildActionMask = 2147483647;
			files = (
			);
			inputFileListPaths = (
				"${PODS_ROOT}/Target Support Files/Pods-HumanMeetsChocolate/Pods-HumanMeetsChocolate-frameworks-${CONFIGURATION}-input-files.xcfilelist",
			);
			name = "[CP] Embed Pods Frameworks";
			outputFileListPaths = (
				"${PODS_ROOT}/Target Support Files/Pods-HumanMeetsChocolate/Pods-HumanMeetsChocolate-frameworks-${CONFIGURATION}-output-files.xcfilelist",
			);
			runOnlyForDeploymentPostprocessing = 0;
			shellPath = /bin/sh;
			shellScript = "\"${PODS_ROOT}/Target Support Files/Pods-HumanMeetsChocolate/Pods-HumanMeetsChocolate-frameworks.sh\"\n";
			showEnvVarsInLog = 0;
		};
/* End PBXShellScriptBuildPhase section */

/* Begin PBXSourcesBuildPhase section */
		7196739C22D50E0200917428 /* Sources */ = {
			isa = PBXSourcesBuildPhase;
			buildActionMask = 2147483647;
			files = (
				71AC1DBF22D7FA970077311A /* Chocolates.swift in Sources */,
				71AC1DC122D7FAA00077311A /* Chocolate.swift in Sources */,
				7188489122E66106004BAB91 /* QuestionsViewController.swift in Sources */,
				7188489522E6662B004BAB91 /* QuestionData.swift in Sources */,
				71DCA16822E2DB5600B98E39 /* RotateViewController.swift in Sources */,
				7118669222DFA944009EA395 /* Match.swift in Sources */,
				71AC1DC322D7FB030077311A /* ChocolateCard.swift in Sources */,
				7118669022DFA742009EA395 /* MatchesViewController.swift in Sources */,
				719673BA22D53D8700917428 /* KolodaViewController.swift in Sources */,
				719673A422D50E0200917428 /* AppDelegate.swift in Sources */,
				7118669822DFCF6C009EA395 /* MatchCell.swift in Sources */,
				7188489322E66144004BAB91 /* ResultsViewController.swift in Sources */,
				7135BCDE22DAD6910020BABC /* ChocolateDetailPage.swift in Sources */,
				711C5ED622DD0468005F9EA4 /* DetailViewController.swift in Sources */,
			);
			runOnlyForDeploymentPostprocessing = 0;
		};
/* End PBXSourcesBuildPhase section */

/* Begin PBXVariantGroup section */
		719673A722D50E0300917428 /* Main.storyboard */ = {
			isa = PBXVariantGroup;
			children = (
				719673A822D50E0300917428 /* Base */,
			);
			name = Main.storyboard;
			sourceTree = "<group>";
		};
		719673AC22D50E0400917428 /* LaunchScreen.storyboard */ = {
			isa = PBXVariantGroup;
			children = (
				719673AD22D50E0400917428 /* Base */,
			);
			name = LaunchScreen.storyboard;
			sourceTree = "<group>";
		};
/* End PBXVariantGroup section */

/* Begin XCBuildConfiguration section */
		719673B022D50E0400917428 /* Debug */ = {
			isa = XCBuildConfiguration;
			buildSettings = {
				ALWAYS_SEARCH_USER_PATHS = NO;
				CLANG_ANALYZER_NONNULL = YES;
				CLANG_ANALYZER_NUMBER_OBJECT_CONVERSION = YES_AGGRESSIVE;
				CLANG_CXX_LANGUAGE_STANDARD = "gnu++14";
				CLANG_CXX_LIBRARY = "libc++";
				CLANG_ENABLE_MODULES = YES;
				CLANG_ENABLE_OBJC_ARC = YES;
				CLANG_ENABLE_OBJC_WEAK = YES;
				CLANG_WARN_BLOCK_CAPTURE_AUTORELEASING = YES;
				CLANG_WARN_BOOL_CONVERSION = YES;
				CLANG_WARN_COMMA = YES;
				CLANG_WARN_CONSTANT_CONVERSION = YES;
				CLANG_WARN_DEPRECATED_OBJC_IMPLEMENTATIONS = YES;
				CLANG_WARN_DIRECT_OBJC_ISA_USAGE = YES_ERROR;
				CLANG_WARN_DOCUMENTATION_COMMENTS = YES;
				CLANG_WARN_EMPTY_BODY = YES;
				CLANG_WARN_ENUM_CONVERSION = YES;
				CLANG_WARN_INFINITE_RECURSION = YES;
				CLANG_WARN_INT_CONVERSION = YES;
				CLANG_WARN_NON_LITERAL_NULL_CONVERSION = YES;
				CLANG_WARN_OBJC_IMPLICIT_RETAIN_SELF = YES;
				CLANG_WARN_OBJC_LITERAL_CONVERSION = YES;
				CLANG_WARN_OBJC_ROOT_CLASS = YES_ERROR;
				CLANG_WARN_RANGE_LOOP_ANALYSIS = YES;
				CLANG_WARN_STRICT_PROTOTYPES = YES;
				CLANG_WARN_SUSPICIOUS_MOVE = YES;
				CLANG_WARN_UNGUARDED_AVAILABILITY = YES_AGGRESSIVE;
				CLANG_WARN_UNREACHABLE_CODE = YES;
				CLANG_WARN__DUPLICATE_METHOD_MATCH = YES;
				CODE_SIGN_IDENTITY = "iPhone Developer";
				COPY_PHASE_STRIP = NO;
				DEBUG_INFORMATION_FORMAT = dwarf;
				ENABLE_STRICT_OBJC_MSGSEND = YES;
				ENABLE_TESTABILITY = YES;
				GCC_C_LANGUAGE_STANDARD = gnu11;
				GCC_DYNAMIC_NO_PIC = NO;
				GCC_NO_COMMON_BLOCKS = YES;
				GCC_OPTIMIZATION_LEVEL = 0;
				GCC_PREPROCESSOR_DEFINITIONS = (
					"DEBUG=1",
					"$(inherited)",
				);
				GCC_WARN_64_TO_32_BIT_CONVERSION = YES;
				GCC_WARN_ABOUT_RETURN_TYPE = YES_ERROR;
				GCC_WARN_UNDECLARED_SELECTOR = YES;
				GCC_WARN_UNINITIALIZED_AUTOS = YES_AGGRESSIVE;
				GCC_WARN_UNUSED_FUNCTION = YES;
				GCC_WARN_UNUSED_VARIABLE = YES;
				IPHONEOS_DEPLOYMENT_TARGET = 12.2;
				MTL_ENABLE_DEBUG_INFO = INCLUDE_SOURCE;
				MTL_FAST_MATH = YES;
				ONLY_ACTIVE_ARCH = YES;
				SDKROOT = iphoneos;
				SWIFT_ACTIVE_COMPILATION_CONDITIONS = DEBUG;
				SWIFT_OPTIMIZATION_LEVEL = "-Onone";
			};
			name = Debug;
		};
		719673B122D50E0400917428 /* Release */ = {
			isa = XCBuildConfiguration;
			buildSettings = {
				ALWAYS_SEARCH_USER_PATHS = NO;
				CLANG_ANALYZER_NONNULL = YES;
				CLANG_ANALYZER_NUMBER_OBJECT_CONVERSION = YES_AGGRESSIVE;
				CLANG_CXX_LANGUAGE_STANDARD = "gnu++14";
				CLANG_CXX_LIBRARY = "libc++";
				CLANG_ENABLE_MODULES = YES;
				CLANG_ENABLE_OBJC_ARC = YES;
				CLANG_ENABLE_OBJC_WEAK = YES;
				CLANG_WARN_BLOCK_CAPTURE_AUTORELEASING = YES;
				CLANG_WARN_BOOL_CONVERSION = YES;
				CLANG_WARN_COMMA = YES;
				CLANG_WARN_CONSTANT_CONVERSION = YES;
				CLANG_WARN_DEPRECATED_OBJC_IMPLEMENTATIONS = YES;
				CLANG_WARN_DIRECT_OBJC_ISA_USAGE = YES_ERROR;
				CLANG_WARN_DOCUMENTATION_COMMENTS = YES;
				CLANG_WARN_EMPTY_BODY = YES;
				CLANG_WARN_ENUM_CONVERSION = YES;
				CLANG_WARN_INFINITE_RECURSION = YES;
				CLANG_WARN_INT_CONVERSION = YES;
				CLANG_WARN_NON_LITERAL_NULL_CONVERSION = YES;
				CLANG_WARN_OBJC_IMPLICIT_RETAIN_SELF = YES;
				CLANG_WARN_OBJC_LITERAL_CONVERSION = YES;
				CLANG_WARN_OBJC_ROOT_CLASS = YES_ERROR;
				CLANG_WARN_RANGE_LOOP_ANALYSIS = YES;
				CLANG_WARN_STRICT_PROTOTYPES = YES;
				CLANG_WARN_SUSPICIOUS_MOVE = YES;
				CLANG_WARN_UNGUARDED_AVAILABILITY = YES_AGGRESSIVE;
				CLANG_WARN_UNREACHABLE_CODE = YES;
				CLANG_WARN__DUPLICATE_METHOD_MATCH = YES;
				CODE_SIGN_IDENTITY = "iPhone Developer";
				COPY_PHASE_STRIP = NO;
				DEBUG_INFORMATION_FORMAT = "dwarf-with-dsym";
				ENABLE_NS_ASSERTIONS = NO;
				ENABLE_STRICT_OBJC_MSGSEND = YES;
				GCC_C_LANGUAGE_STANDARD = gnu11;
				GCC_NO_COMMON_BLOCKS = YES;
				GCC_WARN_64_TO_32_BIT_CONVERSION = YES;
				GCC_WARN_ABOUT_RETURN_TYPE = YES_ERROR;
				GCC_WARN_UNDECLARED_SELECTOR = YES;
				GCC_WARN_UNINITIALIZED_AUTOS = YES_AGGRESSIVE;
				GCC_WARN_UNUSED_FUNCTION = YES;
				GCC_WARN_UNUSED_VARIABLE = YES;
				IPHONEOS_DEPLOYMENT_TARGET = 12.2;
				MTL_ENABLE_DEBUG_INFO = NO;
				MTL_FAST_MATH = YES;
				SDKROOT = iphoneos;
				SWIFT_COMPILATION_MODE = wholemodule;
				SWIFT_OPTIMIZATION_LEVEL = "-O";
				VALIDATE_PRODUCT = YES;
			};
			name = Release;
		};
		719673B322D50E0400917428 /* Debug */ = {
			isa = XCBuildConfiguration;
			baseConfigurationReference = 15F1493047D0E2186F592FC8 /* Pods-HumanMeetsChocolate.debug.xcconfig */;
			buildSettings = {
				ASSETCATALOG_COMPILER_APPICON_NAME = AppIcon;
				CODE_SIGN_STYLE = Automatic;
				DEVELOPMENT_TEAM = TBD4JXCB63;
				INFOPLIST_FILE = "Human Meets Chocolate/Info.plist";
				LD_RUNPATH_SEARCH_PATHS = (
					"$(inherited)",
					"@executable_path/Frameworks",
				);
				PRODUCT_BUNDLE_IDENTIFIER = "com.capstone.Human-Meets-Chocolate";
				PRODUCT_NAME = "$(TARGET_NAME)";
				SWIFT_VERSION = 5.0;
				TARGETED_DEVICE_FAMILY = "1,2";
			};
			name = Debug;
		};
		719673B422D50E0400917428 /* Release */ = {
			isa = XCBuildConfiguration;
			baseConfigurationReference = B3B61E6BCA2A40286ECDE7D6 /* Pods-HumanMeetsChocolate.release.xcconfig */;
			buildSettings = {
				ASSETCATALOG_COMPILER_APPICON_NAME = AppIcon;
				CODE_SIGN_STYLE = Automatic;
				DEVELOPMENT_TEAM = TBD4JXCB63;
				INFOPLIST_FILE = "Human Meets Chocolate/Info.plist";
				LD_RUNPATH_SEARCH_PATHS = (
					"$(inherited)",
					"@executable_path/Frameworks",
				);
				PRODUCT_BUNDLE_IDENTIFIER = "com.capstone.Human-Meets-Chocolate";
				PRODUCT_NAME = "$(TARGET_NAME)";
				SWIFT_VERSION = 5.0;
				TARGETED_DEVICE_FAMILY = "1,2";
			};
			name = Release;
		};
/* End XCBuildConfiguration section */

/* Begin XCConfigurationList section */
		7196739B22D50E0200917428 /* Build configuration list for PBXProject "HumanMeetsChocolate" */ = {
			isa = XCConfigurationList;
			buildConfigurations = (
				719673B022D50E0400917428 /* Debug */,
				719673B122D50E0400917428 /* Release */,
			);
			defaultConfigurationIsVisible = 0;
			defaultConfigurationName = Release;
		};
		719673B222D50E0400917428 /* Build configuration list for PBXNativeTarget "HumanMeetsChocolate" */ = {
			isa = XCConfigurationList;
			buildConfigurations = (
				719673B322D50E0400917428 /* Debug */,
				719673B422D50E0400917428 /* Release */,
			);
			defaultConfigurationIsVisible = 0;
			defaultConfigurationName = Release;
		};
/* End XCConfigurationList section */
	};
	rootObject = 7196739822D50E0200917428 /* Project object */;
}
